
Microsoft Visual Studio Solution File, Format Version 12.00
# Visual Studio Version 17
VisualStudioVersion = 17.0.31903.59
MinimumVisualStudioVersion = 10.0.40219.1
Project("{FAE04EC0-301F-11D3-BF4B-00C04F79EFBC}") = "Web", "Web\Web.csproj", "{42B6952F-6D47-46FA-9FDF-659765D8E339}"
EndProject
Global
	GlobalSection(SolutionConfigurationPlatforms) = preSolution
		Debug|Any CPU = Debug|Any CPU
		Release|Any CPU = Release|Any CPU
	EndGlobalSection
	GlobalSection(SolutionProperties) = preSolution
		HideSolutionNode = FALSE
	EndGlobalSection
	GlobalSection(ProjectConfigurationPlatforms) = postSolution
		{42B6952F-6D47-46FA-9FDF-659765D8E339}.Debug|Any CPU.ActiveCfg = Debug|Any CPU
		{42B6952F-6D47-46FA-9FDF-659765D8E339}.Debug|Any CPU.Build.0 = Debug|Any CPU
		{42B6952F-6D47-46FA-9FDF-659765D8E339}.Release|Any CPU.ActiveCfg = Release|Any CPU
		{42B6952F-6D47-46FA-9FDF-659765D8E339}.Release|Any CPU.Build.0 = Release|Any CPU
	EndGlobalSection
EndGlobal
